
Microsoft Visual Studio Solution File, Format Version 12.00
# Visual Studio Version 17
VisualStudioVersion = 17.4.33829.165
MinimumVisualStudioVersion = 10.0.40219.1
Project("{FAE04EC0-301F-11D3-BF4B-00C04F79EFBC}") = "Assignment1(안수환)", "Assignment1(안수환).csproj", "{B7F2D39B-4AD3-42BF-83D6-0F94651058D1}"
EndProject
Global
	GlobalSection(SolutionConfigurationPlatforms) = preSolution
		Debug|Any CPU = Debug|Any CPU
		Release|Any CPU = Release|Any CPU
	EndGlobalSection
	GlobalSection(ProjectConfigurationPlatforms) = postSolution
		{B7F2D39B-4AD3-42BF-83D6-0F94651058D1}.Debug|Any CPU.ActiveCfg = Debug|Any CPU
		{B7F2D39B-4AD3-42BF-83D6-0F94651058D1}.Debug|Any CPU.Build.0 = Debug|Any CPU
		{B7F2D39B-4AD3-42BF-83D6-0F94651058D1}.Release|Any CPU.ActiveCfg = Release|Any CPU
		{B7F2D39B-4AD3-42BF-83D6-0F94651058D1}.Release|Any CPU.Build.0 = Release|Any CPU
	EndGlobalSection
	GlobalSection(SolutionProperties) = preSolution
		HideSolutionNode = FALSE
	EndGlobalSection
	GlobalSection(ExtensibilityGlobals) = postSolution
		SolutionGuid = {FB8100B1-BD1B-49FC-B982-AA484E2BD68E}
	EndGlobalSection
EndGlobal
